
Microsoft Visual Studio Solution File, Format Version 10.00
# Visual C++ Express 2008
Project("{8BC9CEB8-8B4A-11D0-8D11-00A0C91BC942}") = "libfcache", "libfcache\libfcache.vcproj", "{3D19EAAD-9195-468B-BC5B-D147A89CA4F5}"
	ProjectSection(ProjectDependencies) = postProject
		{BD3A95FA-A3DE-4B79-A889-A7E5ECA4B69C} = {BD3A95FA-A3DE-4B79-A889-A7E5ECA4B69C}
		{8AFAA2C6-E025-4B45-B96F-A27D04C6115A} = {8AFAA2C6-E025-4B45-B96F-A27D04C6115A}
		{B9332DC8-7594-47DF-80C1-38922E0F4DFB} = {B9332DC8-7594-47DF-80C1-38922E0F4DFB}
	EndProjectSection
EndProject
Project("{8BC9CEB8-8B4A-11D0-8D11-00A0C91BC942}") = "libfguid", "libfguid\libfguid.vcproj", "{8C13E498-6369-4792-A0CF-B7134C54561B}"
	ProjectSection(ProjectDependencies) = postProject
		{BD3A95FA-A3DE-4B79-A889-A7E5ECA4B69C} = {BD3A95FA-A3DE-4B79-A889-A7E5ECA4B69C}
	EndProjectSection
EndProject
Project("{8BC9CEB8-8B4A-11D0-8D11-00A0C91BC942}") = "esedb_test_block_descriptor", "esedb_test_block_descriptor\esedb_test_block_descriptor.vcproj", "{B6150876-2814-43CE-9ACD-29E734554366}"
	ProjectSection(ProjectDependencies) = postProject
		{A426611F-36ED-4F34-8CEC-12270B8954D9} = {A426611F-36ED-4F34-8CEC-12270B8954D9}
		{BD3A95FA-A3DE-4B79-A889-A7E5ECA4B69C} = {BD3A95FA-A3DE-4B79-A889-A7E5ECA4B69C}
	EndProjectSection
EndProject
Project("{8BC9CEB8-8B4A-11D0-8D11-00A0C91BC942}") = "esedb_test_block_tree", "esedb_test_block_tree\esedb_test_block_tree.vcproj", "{23364642-06BB-49D4-A960-847B08ADE6B6}"
	ProjectSection(ProjectDependencies) = postProject
		{A426611F-36ED-4F34-8CEC-12270B8954D9} = {A426611F-36ED-4F34-8CEC-12270B8954D9}
		{BD3A95FA-A3DE-4B79-A889-A7E5ECA4B69C} = {BD3A95FA-A3DE-4B79-A889-A7E5ECA4B69C}
	EndProjectSection
EndProject
Project("{8BC9CEB8-8B4A-11D0-8D11-00A0C91BC942}") = "esedb_test_block_tree_node", "esedb_test_block_tree_node\esedb_test_block_tree_node.vcproj", "{26334884-8C58-4F72-8ED5-763A5B37DC90}"
	ProjectSection(ProjectDependencies) = postProject
		{A426611F-36ED-4F34-8CEC-12270B8954D9} = {A426611F-36ED-4F34-8CEC-12270B8954D9}
		{BD3A95FA-A3DE-4B79-A889-A7E5ECA4B69C} = {BD3A95FA-A3DE-4B79-A889-A7E5ECA4B69C}
	EndProjectSection
EndProject
Project("{8BC9CEB8-8B4A-11D0-8D11-00A0C91BC942}") = "esedb_test_catalog", "esedb_test_catalog\esedb_test_catalog.vcproj", "{4065F2DD-616C-4C2A-BCA5-7CF87383DB12}"
	ProjectSection(ProjectDependencies) = postProject
		{41CFAFBF-A1C8-4704-AFEF-31979E6452B9} = {41CFAFBF-A1C8-4704-AFEF-31979E6452B9}
		{3FFB9C05-1145-45A7-9ADE-5C8D70FBD7CA} = {3FFB9C05-1145-45A7-9ADE-5C8D70FBD7CA}
		{4C93BDD3-1804-47F3-9B34-F2DE0CAE1AE0} = {4C93BDD3-1804-47F3-9B34-F2DE0CAE1AE0}
		{BC27FF34-C859-4A1A-95D6-FC89952E1910} = {BC27FF34-C859-4A1A-95D6-FC89952E1910}
		{B86FB73A-4ACC-42DE-9545-586D93955B06} = {B86FB73A-4ACC-42DE-9545-586D93955B06}
		{5304AD69-D449-4589-B2C9-E4607E56A51D} = {5304AD69-D449-4589-B2C9-E4607E56A51D}
		{CEDF8919-00B2-4D8A-88CC-84ADB2D2FF89} = {CEDF8919-00B2-4D8A-88CC-84ADB2D2FF89}
		{B9332DC8-7594-47DF-80C1-38922E0F4DFB} = {B9332DC8-7594-47DF-80C1-38922E0F4DFB}
		{A426611F-36ED-4F34-8CEC-12270B8954D9} = {A426611F-36ED-4F34-8CEC-12270B8954D9}
		{BD3A95FA-A3DE-4B79-A889-A7E5ECA4B69C} = {BD3A95FA-A3DE-4B79-A889-A7E5ECA4B69C}
	EndProjectSection
EndProject
Project("{8BC9CEB8-8B4A-11D0-8D11-00A0C91BC942}") = "esedb_test_catalog_definition", "esedb_test_catalog_definition\esedb_test_catalog_definition.vcproj", "{ACD71378-4A58-4141-9A66-A05C9101885B}"
	ProjectSection(ProjectDependencies) = postProject
		{A426611F-36ED-4F34-8CEC-12270B8954D9} = {A426611F-36ED-4F34-8CEC-12270B8954D9}
		{BD3A95FA-A3DE-4B79-A889-A7E5ECA4B69C} = {BD3A95FA-A3DE-4B79-A889-A7E5ECA4B69C}
	EndProjectSection
EndProject
Project("{8BC9CEB8-8B4A-11D0-8D11-00A0C91BC942}") = "esedb_test_checksum", "esedb_test_checksum\esedb_test_checksum.vcproj", "{BFF5364C-33F1-494D-A485-3533564D172D}"
	ProjectSection(ProjectDependencies) = postProject
		{A426611F-36ED-4F34-8CEC-12270B8954D9} = {A426611F-36ED-4F34-8CEC-12270B8954D9}
		{BD3A95FA-A3DE-4B79-A889-A7E5ECA4B69C} = {BD3A95FA-A3DE-4B79-A889-A7E5ECA4B69C}
	EndProjectSection
EndProject
Project("{8BC9CEB8-8B4A-11D0-8D11-00A0C91BC942}") = "esedb_test_column", "esedb_test_column\esedb_test_column.vcproj", "{AFFAB164-A537-4271-A3B2-816A3253AC35}"
	ProjectSection(ProjectDependencies) = postProject
		{A426611F-36ED-4F34-8CEC-12270B8954D9} = {A426611F-36ED-4F34-8CEC-12270B8954D9}
		{BD3A95FA-A3DE-4B79-A889-A7E5ECA4B69C} = {BD3A95FA-A3DE-4B79-A889-A7E5ECA4B69C}
	EndProjectSection
EndProject
Project("{8BC9CEB8-8B4A-11D0-8D11-00A0C91BC942}") = "esedb_test_column_type", "esedb_test_column_type\esedb_test_column_type.vcproj", "{E7AC2AB8-2946-40F9-B0B2-02CE8C96C728}"
	ProjectSection(ProjectDependencies) = postProject
		{A426611F-36ED-4F34-8CEC-12270B8954D9} = {A426611F-36ED-4F34-8CEC-12270B8954D9}
		{BD3A95FA-A3DE-4B79-A889-A7E5ECA4B69C} = {BD3A95FA-A3DE-4B79-A889-A7E5ECA4B69C}
	EndProjectSection
EndProject
Project("{8BC9CEB8-8B4A-11D0-8D11-00A0C91BC942}") = "esedb_test_compression", "esedb_test_compression\esedb_test_compression.vcproj", "{176CDE95-D465-44F2-948C-67C2088B5807}"
	ProjectSection(ProjectDependencies) = postProject
		{A426611F-36ED-4F34-8CEC-12270B8954D9} = {A426611F-36ED-4F34-8CEC-12270B8954D9}
		{BD3A95FA-A3DE-4B79-A889-A7E5ECA4B69C} = {BD3A95FA-A3DE-4B79-A889-A7E5ECA4B69C}
	EndProjectSection
EndProject
Project("{8BC9CEB8-8B4A-11D0-8D11-00A0C91BC942}") = "esedb_test_data_definition", "esedb_test_data_definition\esedb_test_data_definition.vcproj", "{9419D031-C7C3-4DC1-BC5B-ECFC832B80E9}"
	ProjectSection(ProjectDependencies) = postProject
		{A426611F-36ED-4F34-8CEC-12270B8954D9} = {A426611F-36ED-4F34-8CEC-12270B8954D9}
		{BD3A95FA-A3DE-4B79-A889-A7E5ECA4B69C} = {BD3A95FA-A3DE-4B79-A889-A7E5ECA4B69C}
	EndProjectSection
EndProject
Project("{8BC9CEB8-8B4A-11D0-8D11-00A0C91BC942}") = "esedb_test_data_segment", "esedb_test_data_segment\esedb_test_data_segment.vcproj", "{A9811C8C-E212-4354-A2AB-0D1F5C632987}"
	ProjectSection(ProjectDependencies) = postProject
		{F94DCC2D-2B49-453E-89B3-FD81992677D0} = {F94DCC2D-2B49-453E-89B3-FD81992677D0}
		{3D19EAAD-9195-468B-BC5B-D147A89CA4F5} = {3D19EAAD-9195-468B-BC5B-D147A89CA4F5}
		{41CFAFBF-A1C8-4704-AFEF-31979E6452B9} = {41CFAFBF-A1C8-4704-AFEF-31979E6452B9}
		{3FFB9C05-1145-45A7-9ADE-5C8D70FBD7CA} = {3FFB9C05-1145-45A7-9ADE-5C8D70FBD7CA}
		{4C93BDD3-1804-47F3-9B34-F2DE0CAE1AE0} = {4C93BDD3-1804-47F3-9B34-F2DE0CAE1AE0}
		{BC27FF34-C859-4A1A-95D6-FC89952E1910} = {BC27FF34-C859-4A1A-95D6-FC89952E1910}
		{B86FB73A-4ACC-42DE-9545-586D93955B06} = {B86FB73A-4ACC-42DE-9545-586D93955B06}
		{5304AD69-D449-4589-B2C9-E4607E56A51D} = {5304AD69-D449-4589-B2C9-E4607E56A51D}
		{CEDF8919-00B2-4D8A-88CC-84ADB2D2FF89} = {CEDF8919-00B2-4D8A-88CC-84ADB2D2FF89}
		{B9332DC8-7594-47DF-80C1-38922E0F4DFB} = {B9332DC8-7594-47DF-80C1-38922E0F4DFB}
		{A426611F-36ED-4F34-8CEC-12270B8954D9} = {A426611F-36ED-4F34-8CEC-12270B8954D9}
		{BD3A95FA-A3DE-4B79-A889-A7E5ECA4B69C} = {BD3A95FA-A3DE-4B79-A889-A7E5ECA4B69C}
	EndProjectSection
EndProject
Project("{8BC9CEB8-8B4A-11D0-8D11-00A0C91BC942}") = "esedb_test_database", "esedb_test_database\esedb_test_database.vcproj", "{6ADF7681-DFAA-4CFF-9797-305E269B936D}"
	ProjectSection(ProjectDependencies) = postProject
		{A426611F-36ED-4F34-8CEC-12270B8954D9} = {A426611F-36ED-4F34-8CEC-12270B8954D9}
		{BD3A95FA-A3DE-4B79-A889-A7E5ECA4B69C} = {BD3A95FA-A3DE-4B79-A889-A7E5ECA4B69C}
	EndProjectSection
EndProject
Project("{8BC9CEB8-8B4A-11D0-8D11-00A0C91BC942}") = "esedb_test_error", "esedb_test_error\esedb_test_error.vcproj", "{7858071B-74A6-46C8-8A4C-DF4E1916A644}"
	ProjectSection(ProjectDependencies) = postProject
		{A426611F-36ED-4F34-8CEC-12270B8954D9} = {A426611F-36ED-4F34-8CEC-12270B8954D9}
	EndProjectSection
EndProject
Project("{8BC9CEB8-8B4A-11D0-8D11-00A0C91BC942}") = "esedb_test_file", "esedb_test_file\esedb_test_file.vcproj", "{53632831-C7D9-4B47-8EAC-16B716277ABB}"
	ProjectSection(ProjectDependencies) = postProject
		{41CFAFBF-A1C8-4704-AFEF-31979E6452B9} = {41CFAFBF-A1C8-4704-AFEF-31979E6452B9}
		{3FFB9C05-1145-45A7-9ADE-5C8D70FBD7CA} = {3FFB9C05-1145-45A7-9ADE-5C8D70FBD7CA}
		{4C93BDD3-1804-47F3-9B34-F2DE0CAE1AE0} = {4C93BDD3-1804-47F3-9B34-F2DE0CAE1AE0}
		{BC27FF34-C859-4A1A-95D6-FC89952E1910} = {BC27FF34-C859-4A1A-95D6-FC89952E1910}
		{B86FB73A-4ACC-42DE-9545-586D93955B06} = {B86FB73A-4ACC-42DE-9545-586D93955B06}
		{5304AD69-D449-4589-B2C9-E4607E56A51D} = {5304AD69-D449-4589-B2C9-E4607E56A51D}
		{CEDF8919-00B2-4D8A-88CC-84ADB2D2FF89} = {CEDF8919-00B2-4D8A-88CC-84ADB2D2FF89}
		{B9332DC8-7594-47DF-80C1-38922E0F4DFB} = {B9332DC8-7594-47DF-80C1-38922E0F4DFB}
		{A426611F-36ED-4F34-8CEC-12270B8954D9} = {A426611F-36ED-4F34-8CEC-12270B8954D9}
		{8AFAA2C6-E025-4B45-B96F-A27D04C6115A} = {8AFAA2C6-E025-4B45-B96F-A27D04C6115A}
		{BD3A95FA-A3DE-4B79-A889-A7E5ECA4B69C} = {BD3A95FA-A3DE-4B79-A889-A7E5ECA4B69C}
	EndProjectSection
EndProject
Project("{8BC9CEB8-8B4A-11D0-8D11-00A0C91BC942}") = "esedb_test_file_header", "esedb_test_file_header\esedb_test_file_header.vcproj", "{62443B2B-C021-4D11-8A21-07C6C2BA5B72}"
	ProjectSection(ProjectDependencies) = postProject
		{41CFAFBF-A1C8-4704-AFEF-31979E6452B9} = {41CFAFBF-A1C8-4704-AFEF-31979E6452B9}
		{3FFB9C05-1145-45A7-9ADE-5C8D70FBD7CA} = {3FFB9C05-1145-45A7-9ADE-5C8D70FBD7CA}
		{4C93BDD3-1804-47F3-9B34-F2DE0CAE1AE0} = {4C93BDD3-1804-47F3-9B34-F2DE0CAE1AE0}
		{BC27FF34-C859-4A1A-95D6-FC89952E1910} = {BC27FF34-C859-4A1A-95D6-FC89952E1910}
		{B86FB73A-4ACC-42DE-9545-586D93955B06} = {B86FB73A-4ACC-42DE-9545-586D93955B06}
		{5304AD69-D449-4589-B2C9-E4607E56A51D} = {5304AD69-D449-4589-B2C9-E4607E56A51D}
		{CEDF8919-00B2-4D8A-88CC-84ADB2D2FF89} = {CEDF8919-00B2-4D8A-88CC-84ADB2D2FF89}
		{B9332DC8-7594-47DF-80C1-38922E0F4DFB} = {B9332DC8-7594-47DF-80C1-38922E0F4DFB}
		{A426611F-36ED-4F34-8CEC-12270B8954D9} = {A426611F-36ED-4F34-8CEC-12270B8954D9}
		{BD3A95FA-A3DE-4B79-A889-A7E5ECA4B69C} = {BD3A95FA-A3DE-4B79-A889-A7E5ECA4B69C}
	EndProjectSection
EndProject
Project("{8BC9CEB8-8B4A-11D0-8D11-00A0C91BC942}") = "esedb_test_index", "esedb_test_index\esedb_test_index.vcproj", "{A48BD72B-3F94-42DD-9382-502ED60AB150}"
	ProjectSection(ProjectDependencies) = postProject
		{A426611F-36ED-4F34-8CEC-12270B8954D9} = {A426611F-36ED-4F34-8CEC-12270B8954D9}
		{BD3A95FA-A3DE-4B79-A889-A7E5ECA4B69C} = {BD3A95FA-A3DE-4B79-A889-A7E5ECA4B69C}
	EndProjectSection
EndProject
Project("{8BC9CEB8-8B4A-11D0-8D11-00A0C91BC942}") = "esedb_test_io_handle", "esedb_test_io_handle\esedb_test_io_handle.vcproj", "{4514F4B8-9225-4C90-91ED-D65BB183BDEC}"
	ProjectSection(ProjectDependencies) = postProject
		{A426611F-36ED-4F34-8CEC-12270B8954D9} = {A426611F-36ED-4F34-8CEC-12270B8954D9}
		{BD3A95FA-A3DE-4B79-A889-A7E5ECA4B69C} = {BD3A95FA-A3DE-4B79-A889-A7E5ECA4B69C}
	EndProjectSection
EndProject
Project("{8BC9CEB8-8B4A-11D0-8D11-00A0C91BC942}") = "esedb_test_leaf_page_descriptor", "esedb_test_leaf_page_descriptor\esedb_test_leaf_page_descriptor.vcproj", "{DE9B39FD-66E5-4157-8917-E6E40CC80D41}"
	ProjectSection(ProjectDependencies) = postProject
		{A426611F-36ED-4F34-8CEC-12270B8954D9} = {A426611F-36ED-4F34-8CEC-12270B8954D9}
		{BD3A95FA-A3DE-4B79-A889-A7E5ECA4B69C} = {BD3A95FA-A3DE-4B79-A889-A7E5ECA4B69C}
	EndProjectSection
EndProject
Project("{8BC9CEB8-8B4A-11D0-8D11-00A0C91BC942}") = "esedb_test_long_value", "esedb_test_long_value\esedb_test_long_value.vcproj", "{609F3B7C-7754-487E-87E7-D19276604C3B}"
	ProjectSection(ProjectDependencies) = postProject
		{A426611F-36ED-4F34-8CEC-12270B8954D9} = {A426611F-36ED-4F34-8CEC-12270B8954D9}
		{BD3A95FA-A3DE-4B79-A889-A7E5ECA4B69C} = {BD3A95FA-A3DE-4B79-A889-A7E5ECA4B69C}
	EndProjectSection
EndProject
Project("{8BC9CEB8-8B4A-11D0-8D11-00A0C91BC942}") = "esedb_test_multi_value", "esedb_test_multi_value\esedb_test_multi_value.vcproj", "{B6D2D5C7-4896-4FDE-931E-AE33556252CB}"
	ProjectSection(ProjectDependencies) = postProject
		{A426611F-36ED-4F34-8CEC-12270B8954D9} = {A426611F-36ED-4F34-8CEC-12270B8954D9}
		{BD3A95FA-A3DE-4B79-A889-A7E5ECA4B69C} = {BD3A95FA-A3DE-4B79-A889-A7E5ECA4B69C}
	EndProjectSection
EndProject
Project("{8BC9CEB8-8B4A-11D0-8D11-00A0C91BC942}") = "esedb_test_notify", "esedb_test_notify\esedb_test_notify.vcproj", "{677D81DB-C708-4BB4-87C3-8EC3A85C1260}"
	ProjectSection(ProjectDependencies) = postProject
		{A426611F-36ED-4F34-8CEC-12270B8954D9} = {A426611F-36ED-4F34-8CEC-12270B8954D9}
		{BD3A95FA-A3DE-4B79-A889-A7E5ECA4B69C} = {BD3A95FA-A3DE-4B79-A889-A7E5ECA4B69C}
	EndProjectSection
EndProject
Project("{8BC9CEB8-8B4A-11D0-8D11-00A0C91BC942}") = "esedb_test_page", "esedb_test_page\esedb_test_page.vcproj", "{8161CE83-108A-4863-9B51-8F1DF5B5276B}"
	ProjectSection(ProjectDependencies) = postProject
		{41CFAFBF-A1C8-4704-AFEF-31979E6452B9} = {41CFAFBF-A1C8-4704-AFEF-31979E6452B9}
		{3FFB9C05-1145-45A7-9ADE-5C8D70FBD7CA} = {3FFB9C05-1145-45A7-9ADE-5C8D70FBD7CA}
		{4C93BDD3-1804-47F3-9B34-F2DE0CAE1AE0} = {4C93BDD3-1804-47F3-9B34-F2DE0CAE1AE0}
		{BC27FF34-C859-4A1A-95D6-FC89952E1910} = {BC27FF34-C859-4A1A-95D6-FC89952E1910}
		{B86FB73A-4ACC-42DE-9545-586D93955B06} = {B86FB73A-4ACC-42DE-9545-586D93955B06}
		{5304AD69-D449-4589-B2C9-E4607E56A51D} = {5304AD69-D449-4589-B2C9-E4607E56A51D}
		{CEDF8919-00B2-4D8A-88CC-84ADB2D2FF89} = {CEDF8919-00B2-4D8A-88CC-84ADB2D2FF89}
		{B9332DC8-7594-47DF-80C1-38922E0F4DFB} = {B9332DC8-7594-47DF-80C1-38922E0F4DFB}
		{A426611F-36ED-4F34-8CEC-12270B8954D9} = {A426611F-36ED-4F34-8CEC-12270B8954D9}
		{BD3A95FA-A3DE-4B79-A889-A7E5ECA4B69C} = {BD3A95FA-A3DE-4B79-A889-A7E5ECA4B69C}
	EndProjectSection
EndProject
Project("{8BC9CEB8-8B4A-11D0-8D11-00A0C91BC942}") = "esedb_test_page_header", "esedb_test_page_header\esedb_test_page_header.vcproj", "{415361F6-4A0B-49CF-B744-29F8A0998809}"
	ProjectSection(ProjectDependencies) = postProject
		{A426611F-36ED-4F34-8CEC-12270B8954D9} = {A426611F-36ED-4F34-8CEC-12270B8954D9}
		{BD3A95FA-A3DE-4B79-A889-A7E5ECA4B69C} = {BD3A95FA-A3DE-4B79-A889-A7E5ECA4B69C}
	EndProjectSection
EndProject
Project("{8BC9CEB8-8B4A-11D0-8D11-00A0C91BC942}") = "esedb_test_page_tree", "esedb_test_page_tree\esedb_test_page_tree.vcproj", "{41748683-3F34-4770-98C5-F80103B0067A}"
	ProjectSection(ProjectDependencies) = postProject
		{A426611F-36ED-4F34-8CEC-12270B8954D9} = {A426611F-36ED-4F34-8CEC-12270B8954D9}
		{BD3A95FA-A3DE-4B79-A889-A7E5ECA4B69C} = {BD3A95FA-A3DE-4B79-A889-A7E5ECA4B69C}
	EndProjectSection
EndProject
Project("{8BC9CEB8-8B4A-11D0-8D11-00A0C91BC942}") = "esedb_test_page_tree_key", "esedb_test_page_tree_key\esedb_test_page_tree_key.vcproj", "{C10A5D46-F063-48EE-BC09-A3E3358A0494}"
	ProjectSection(ProjectDependencies) = postProject
		{A426611F-36ED-4F34-8CEC-12270B8954D9} = {A426611F-36ED-4F34-8CEC-12270B8954D9}
		{BD3A95FA-A3DE-4B79-A889-A7E5ECA4B69C} = {BD3A95FA-A3DE-4B79-A889-A7E5ECA4B69C}
	EndProjectSection
EndProject
Project("{8BC9CEB8-8B4A-11D0-8D11-00A0C91BC942}") = "esedb_test_page_tree_value", "esedb_test_page_tree_value\esedb_test_page_tree_value.vcproj", "{65DB3CAA-EB74-4DF8-8933-43B9749EA04A}"
	ProjectSection(ProjectDependencies) = postProject
		{A426611F-36ED-4F34-8CEC-12270B8954D9} = {A426611F-36ED-4F34-8CEC-12270B8954D9}
		{BD3A95FA-A3DE-4B79-A889-A7E5ECA4B69C} = {BD3A95FA-A3DE-4B79-A889-A7E5ECA4B69C}
	EndProjectSection
EndProject
Project("{8BC9CEB8-8B4A-11D0-8D11-00A0C91BC942}") = "esedb_test_page_value", "esedb_test_page_value\esedb_test_page_value.vcproj", "{67A27024-4941-4F10-BB98-F0E43625FE9B}"
	ProjectSection(ProjectDependencies) = postProject
		{A426611F-36ED-4F34-8CEC-12270B8954D9} = {A426611F-36ED-4F34-8CEC-12270B8954D9}
		{BD3A95FA-A3DE-4B79-A889-A7E5ECA4B69C} = {BD3A95FA-A3DE-4B79-A889-A7E5ECA4B69C}
	EndProjectSection
EndProject
Project("{8BC9CEB8-8B4A-11D0-8D11-00A0C91BC942}") = "esedb_test_record", "esedb_test_record\esedb_test_record.vcproj", "{CF349A24-505E-4CE5-A4FC-90AEDC3C7E70}"
	ProjectSection(ProjectDependencies) = postProject
		{A426611F-36ED-4F34-8CEC-12270B8954D9} = {A426611F-36ED-4F34-8CEC-12270B8954D9}
		{BD3A95FA-A3DE-4B79-A889-A7E5ECA4B69C} = {BD3A95FA-A3DE-4B79-A889-A7E5ECA4B69C}
	EndProjectSection
EndProject
Project("{8BC9CEB8-8B4A-11D0-8D11-00A0C91BC942}") = "esedb_test_root_page_header", "esedb_test_root_page_header\esedb_test_root_page_header.vcproj", "{EEFAD65F-7A5A-43CD-87D0-9E7D678958DB}"
	ProjectSection(ProjectDependencies) = postProject
		{A426611F-36ED-4F34-8CEC-12270B8954D9} = {A426611F-36ED-4F34-8CEC-12270B8954D9}
		{BD3A95FA-A3DE-4B79-A889-A7E5ECA4B69C} = {BD3A95FA-A3DE-4B79-A889-A7E5ECA4B69C}
	EndProjectSection
EndProject
Project("{8BC9CEB8-8B4A-11D0-8D11-00A0C91BC942}") = "esedb_test_space_tree", "esedb_test_space_tree\esedb_test_space_tree.vcproj", "{0301EB16-A952-46F6-8D64-CD318B49D8C2}"
	ProjectSection(ProjectDependencies) = postProject
		{A426611F-36ED-4F34-8CEC-12270B8954D9} = {A426611F-36ED-4F34-8CEC-12270B8954D9}
		{BD3A95FA-A3DE-4B79-A889-A7E5ECA4B69C} = {BD3A95FA-A3DE-4B79-A889-A7E5ECA4B69C}
	EndProjectSection
EndProject
Project("{8BC9CEB8-8B4A-11D0-8D11-00A0C91BC942}") = "esedb_test_space_tree_value", "esedb_test_space_tree_value\esedb_test_space_tree_value.vcproj", "{75750FF8-0CE1-4A6E-B6EE-D99B5343F432}"
	ProjectSection(ProjectDependencies) = postProject
		{A426611F-36ED-4F34-8CEC-12270B8954D9} = {A426611F-36ED-4F34-8CEC-12270B8954D9}
		{BD3A95FA-A3DE-4B79-A889-A7E5ECA4B69C} = {BD3A95FA-A3DE-4B79-A889-A7E5ECA4B69C}
	EndProjectSection
EndProject
Project("{8BC9CEB8-8B4A-11D0-8D11-00A0C91BC942}") = "esedb_test_support", "esedb_test_support\esedb_test_support.vcproj", "{22390A91-D782-4F25-B2BC-7C2EEF5EA6B0}"
	ProjectSection(ProjectDependencies) = postProject
		{41CFAFBF-A1C8-4704-AFEF-31979E6452B9} = {41CFAFBF-A1C8-4704-AFEF-31979E6452B9}
		{3FFB9C05-1145-45A7-9ADE-5C8D70FBD7CA} = {3FFB9C05-1145-45A7-9ADE-5C8D70FBD7CA}
		{4C93BDD3-1804-47F3-9B34-F2DE0CAE1AE0} = {4C93BDD3-1804-47F3-9B34-F2DE0CAE1AE0}
		{BC27FF34-C859-4A1A-95D6-FC89952E1910} = {BC27FF34-C859-4A1A-95D6-FC89952E1910}
		{B86FB73A-4ACC-42DE-9545-586D93955B06} = {B86FB73A-4ACC-42DE-9545-586D93955B06}
		{5304AD69-D449-4589-B2C9-E4607E56A51D} = {5304AD69-D449-4589-B2C9-E4607E56A51D}
		{CEDF8919-00B2-4D8A-88CC-84ADB2D2FF89} = {CEDF8919-00B2-4D8A-88CC-84ADB2D2FF89}
		{B9332DC8-7594-47DF-80C1-38922E0F4DFB} = {B9332DC8-7594-47DF-80C1-38922E0F4DFB}
		{A426611F-36ED-4F34-8CEC-12270B8954D9} = {A426611F-36ED-4F34-8CEC-12270B8954D9}
		{BD3A95FA-A3DE-4B79-A889-A7E5ECA4B69C} = {BD3A95FA-A3DE-4B79-A889-A7E5ECA4B69C}
	EndProjectSection
EndProject
Project("{8BC9CEB8-8B4A-11D0-8D11-00A0C91BC942}") = "esedb_test_table", "esedb_test_table\esedb_test_table.vcproj", "{F4A505D3-9B12-4D25-850D-A46215904042}"
	ProjectSection(ProjectDependencies) = postProject
		{A426611F-36ED-4F34-8CEC-12270B8954D9} = {A426611F-36ED-4F34-8CEC-12270B8954D9}
		{BD3A95FA-A3DE-4B79-A889-A7E5ECA4B69C} = {BD3A95FA-A3DE-4B79-A889-A7E5ECA4B69C}
	EndProjectSection
EndProject
Project("{8BC9CEB8-8B4A-11D0-8D11-00A0C91BC942}") = "esedb_test_table_definition", "esedb_test_table_definition\esedb_test_table_definition.vcproj", "{66C2ADB0-19C4-4626-ABF4-F98643F56737}"
	ProjectSection(ProjectDependencies) = postProject
		{A426611F-36ED-4F34-8CEC-12270B8954D9} = {A426611F-36ED-4F34-8CEC-12270B8954D9}
		{BD3A95FA-A3DE-4B79-A889-A7E5ECA4B69C} = {BD3A95FA-A3DE-4B79-A889-A7E5ECA4B69C}
	EndProjectSection
EndProject
Project("{8BC9CEB8-8B4A-11D0-8D11-00A0C91BC942}") = "esedb_test_tools_info_handle", "esedb_test_tools_info_handle\esedb_test_tools_info_handle.vcproj", "{35ABBCF1-BE33-4FC0-B634-5B89DF08AB87}"
	ProjectSection(ProjectDependencies) = postProject
		{25C60507-39C6-4564-912D-DA2E7482A00F} = {25C60507-39C6-4564-912D-DA2E7482A00F}
		{CEDF8919-00B2-4D8A-88CC-84ADB2D2FF89} = {CEDF8919-00B2-4D8A-88CC-84ADB2D2FF89}
		{A426611F-36ED-4F34-8CEC-12270B8954D9} = {A426611F-36ED-4F34-8CEC-12270B8954D9}
		{BD3A95FA-A3DE-4B79-A889-A7E5ECA4B69C} = {BD3A95FA-A3DE-4B79-A889-A7E5ECA4B69C}
	EndProjectSection
EndProject
Project("{8BC9CEB8-8B4A-11D0-8D11-00A0C91BC942}") = "esedb_test_tools_output", "esedb_test_tools_output\esedb_test_tools_output.vcproj", "{9D57CE4C-A2B0-46A3-8B58-963470100928}"
	ProjectSection(ProjectDependencies) = postProject
		{A426611F-36ED-4F34-8CEC-12270B8954D9} = {A426611F-36ED-4F34-8CEC-12270B8954D9}
		{BD3A95FA-A3DE-4B79-A889-A7E5ECA4B69C} = {BD3A95FA-A3DE-4B79-A889-A7E5ECA4B69C}
	EndProjectSection
EndProject
Project("{8BC9CEB8-8B4A-11D0-8D11-00A0C91BC942}") = "esedb_test_tools_signal", "esedb_test_tools_signal\esedb_test_tools_signal.vcproj", "{130986AD-E94F-4A0E-9A62-1704C6337B20}"
	ProjectSection(ProjectDependencies) = postProject
		{A426611F-36ED-4F34-8CEC-12270B8954D9} = {A426611F-36ED-4F34-8CEC-12270B8954D9}
		{BD3A95FA-A3DE-4B79-A889-A7E5ECA4B69C} = {BD3A95FA-A3DE-4B79-A889-A7E5ECA4B69C}
	EndProjectSection
EndProject
Project("{8BC9CEB8-8B4A-11D0-8D11-00A0C91BC942}") = "esedb_test_tools_windows_search_compression", "esedb_test_tools_windows_search_compression\esedb_test_tools_windows_search_compression.vcproj", "{7DB537E6-E1AA-4C76-B6FE-9983693D33A1}"
	ProjectSection(ProjectDependencies) = postProject
		{5304AD69-D449-4589-B2C9-E4607E56A51D} = {5304AD69-D449-4589-B2C9-E4607E56A51D}
		{BD3A95FA-A3DE-4B79-A889-A7E5ECA4B69C} = {BD3A95FA-A3DE-4B79-A889-A7E5ECA4B69C}
	EndProjectSection
EndProject
Project("{8BC9CEB8-8B4A-11D0-8D11-00A0C91BC942}") = "libmapidb", "libmapidb\libmapidb.vcproj", "{68F145F0-053E-47A6-8F8C-740A42F2C62B}"
	ProjectSection(ProjectDependencies) = postProject
		{BD3A95FA-A3DE-4B79-A889-A7E5ECA4B69C} = {BD3A95FA-A3DE-4B79-A889-A7E5ECA4B69C}
		{5304AD69-D449-4589-B2C9-E4607E56A51D} = {5304AD69-D449-4589-B2C9-E4607E56A51D}
	EndProjectSection
EndProject
Project("{8BC9CEB8-8B4A-11D0-8D11-00A0C91BC942}") = "libclocale", "libclocale\libclocale.vcproj", "{CEDF8919-00B2-4D8A-88CC-84ADB2D2FF89}"
	ProjectSection(ProjectDependencies) = postProject
		{BD3A95FA-A3DE-4B79-A889-A7E5ECA4B69C} = {BD3A95FA-A3DE-4B79-A889-A7E5ECA4B69C}
	EndProjectSection
EndProject
Project("{8BC9CEB8-8B4A-11D0-8D11-00A0C91BC942}") = "esedbexport", "esedbexport\esedbexport.vcproj", "{6B758D1D-FE05-49C6-836B-9B8AC8DC4FCD}"
	ProjectSection(ProjectDependencies) = postProject
		{CDB03E65-C81B-47E0-B70F-C880D841DD61} = {CDB03E65-C81B-47E0-B70F-C880D841DD61}
		{85005D62-6AA7-4D8A-86CB-4061B23D7C6C} = {85005D62-6AA7-4D8A-86CB-4061B23D7C6C}
		{9D37639F-1694-47DF-84BF-336D98E0639F} = {9D37639F-1694-47DF-84BF-336D98E0639F}
		{8C13E498-6369-4792-A0CF-B7134C54561B} = {8C13E498-6369-4792-A0CF-B7134C54561B}
		{25C60507-39C6-4564-912D-DA2E7482A00F} = {25C60507-39C6-4564-912D-DA2E7482A00F}
		{4C93BDD3-1804-47F3-9B34-F2DE0CAE1AE0} = {4C93BDD3-1804-47F3-9B34-F2DE0CAE1AE0}
		{3FFB9C05-1145-45A7-9ADE-5C8D70FBD7CA} = {3FFB9C05-1145-45A7-9ADE-5C8D70FBD7CA}
		{BC27FF34-C859-4A1A-95D6-FC89952E1910} = {BC27FF34-C859-4A1A-95D6-FC89952E1910}
		{B86FB73A-4ACC-42DE-9545-586D93955B06} = {B86FB73A-4ACC-42DE-9545-586D93955B06}
		{5304AD69-D449-4589-B2C9-E4607E56A51D} = {5304AD69-D449-4589-B2C9-E4607E56A51D}
		{CEDF8919-00B2-4D8A-88CC-84ADB2D2FF89} = {CEDF8919-00B2-4D8A-88CC-84ADB2D2FF89}
		{B9332DC8-7594-47DF-80C1-38922E0F4DFB} = {B9332DC8-7594-47DF-80C1-38922E0F4DFB}
		{A426611F-36ED-4F34-8CEC-12270B8954D9} = {A426611F-36ED-4F34-8CEC-12270B8954D9}
		{BD3A95FA-A3DE-4B79-A889-A7E5ECA4B69C} = {BD3A95FA-A3DE-4B79-A889-A7E5ECA4B69C}
	EndProjectSection
EndProject
Project("{8BC9CEB8-8B4A-11D0-8D11-00A0C91BC942}") = "esedbinfo", "esedbinfo\esedbinfo.vcproj", "{A7545354-5D50-49F6-A3D0-1F97F6228955}"
	ProjectSection(ProjectDependencies) = postProject
		{5304AD69-D449-4589-B2C9-E4607E56A51D} = {5304AD69-D449-4589-B2C9-E4607E56A51D}
		{CEDF8919-00B2-4D8A-88CC-84ADB2D2FF89} = {CEDF8919-00B2-4D8A-88CC-84ADB2D2FF89}
		{A426611F-36ED-4F34-8CEC-12270B8954D9} = {A426611F-36ED-4F34-8CEC-12270B8954D9}
		{BD3A95FA-A3DE-4B79-A889-A7E5ECA4B69C} = {BD3A95FA-A3DE-4B79-A889-A7E5ECA4B69C}
	EndProjectSection
EndProject
Project("{8BC9CEB8-8B4A-11D0-8D11-00A0C91BC942}") = "libesedb", "libesedb\libesedb.vcproj", "{A426611F-36ED-4F34-8CEC-12270B8954D9}"
	ProjectSection(ProjectDependencies) = postProject
		{BD3A95FA-A3DE-4B79-A889-A7E5ECA4B69C} = {BD3A95FA-A3DE-4B79-A889-A7E5ECA4B69C}
		{B9332DC8-7594-47DF-80C1-38922E0F4DFB} = {B9332DC8-7594-47DF-80C1-38922E0F4DFB}
		{CEDF8919-00B2-4D8A-88CC-84ADB2D2FF89} = {CEDF8919-00B2-4D8A-88CC-84ADB2D2FF89}
		{5304AD69-D449-4589-B2C9-E4607E56A51D} = {5304AD69-D449-4589-B2C9-E4607E56A51D}
		{B86FB73A-4ACC-42DE-9545-586D93955B06} = {B86FB73A-4ACC-42DE-9545-586D93955B06}
		{BC27FF34-C859-4A1A-95D6-FC89952E1910} = {BC27FF34-C859-4A1A-95D6-FC89952E1910}
		{4C93BDD3-1804-47F3-9B34-F2DE0CAE1AE0} = {4C93BDD3-1804-47F3-9B34-F2DE0CAE1AE0}
		{3FFB9C05-1145-45A7-9ADE-5C8D70FBD7CA} = {3FFB9C05-1145-45A7-9ADE-5C8D70FBD7CA}
		{41CFAFBF-A1C8-4704-AFEF-31979E6452B9} = {41CFAFBF-A1C8-4704-AFEF-31979E6452B9}
		{3D19EAAD-9195-468B-BC5B-D147A89CA4F5} = {3D19EAAD-9195-468B-BC5B-D147A89CA4F5}
		{F94DCC2D-2B49-453E-89B3-FD81992677D0} = {F94DCC2D-2B49-453E-89B3-FD81992677D0}
		{25C60507-39C6-4564-912D-DA2E7482A00F} = {25C60507-39C6-4564-912D-DA2E7482A00F}
		{8C13E498-6369-4792-A0CF-B7134C54561B} = {8C13E498-6369-4792-A0CF-B7134C54561B}
		{85005D62-6AA7-4D8A-86CB-4061B23D7C6C} = {85005D62-6AA7-4D8A-86CB-4061B23D7C6C}
		{9D37639F-1694-47DF-84BF-336D98E0639F} = {9D37639F-1694-47DF-84BF-336D98E0639F}
	EndProjectSection
EndProject
Project("{8BC9CEB8-8B4A-11D0-8D11-00A0C91BC942}") = "libbfio", "libbfio\libbfio.vcproj", "{41CFAFBF-A1C8-4704-AFEF-31979E6452B9}"
	ProjectSection(ProjectDependencies) = postProject
		{BD3A95FA-A3DE-4B79-A889-A7E5ECA4B69C} = {BD3A95FA-A3DE-4B79-A889-A7E5ECA4B69C}
		{8AFAA2C6-E025-4B45-B96F-A27D04C6115A} = {8AFAA2C6-E025-4B45-B96F-A27D04C6115A}
		{CEDF8919-00B2-4D8A-88CC-84ADB2D2FF89} = {CEDF8919-00B2-4D8A-88CC-84ADB2D2FF89}
		{5304AD69-D449-4589-B2C9-E4607E56A51D} = {5304AD69-D449-4589-B2C9-E4607E56A51D}
		{B9332DC8-7594-47DF-80C1-38922E0F4DFB} = {B9332DC8-7594-47DF-80C1-38922E0F4DFB}
		{B86FB73A-4ACC-42DE-9545-586D93955B06} = {B86FB73A-4ACC-42DE-9545-586D93955B06}
		{4C93BDD3-1804-47F3-9B34-F2DE0CAE1AE0} = {4C93BDD3-1804-47F3-9B34-F2DE0CAE1AE0}
		{3FFB9C05-1145-45A7-9ADE-5C8D70FBD7CA} = {3FFB9C05-1145-45A7-9ADE-5C8D70FBD7CA}
		{BC27FF34-C859-4A1A-95D6-FC89952E1910} = {BC27FF34-C859-4A1A-95D6-FC89952E1910}
	EndProjectSection
EndProject
Project("{8BC9CEB8-8B4A-11D0-8D11-00A0C91BC942}") = "libfdatetime", "libfdatetime\libfdatetime.vcproj", "{25C60507-39C6-4564-912D-DA2E7482A00F}"
	ProjectSection(ProjectDependencies) = postProject
		{BD3A95FA-A3DE-4B79-A889-A7E5ECA4B69C} = {BD3A95FA-A3DE-4B79-A889-A7E5ECA4B69C}
	EndProjectSection
EndProject
Project("{8BC9CEB8-8B4A-11D0-8D11-00A0C91BC942}") = "libcfile", "libcfile\libcfile.vcproj", "{4C93BDD3-1804-47F3-9B34-F2DE0CAE1AE0}"
	ProjectSection(ProjectDependencies) = postProject
		{BD3A95FA-A3DE-4B79-A889-A7E5ECA4B69C} = {BD3A95FA-A3DE-4B79-A889-A7E5ECA4B69C}
		{CEDF8919-00B2-4D8A-88CC-84ADB2D2FF89} = {CEDF8919-00B2-4D8A-88CC-84ADB2D2FF89}
		{5304AD69-D449-4589-B2C9-E4607E56A51D} = {5304AD69-D449-4589-B2C9-E4607E56A51D}
		{BC27FF34-C859-4A1A-95D6-FC89952E1910} = {BC27FF34-C859-4A1A-95D6-FC89952E1910}
	EndProjectSection
EndProject
Project("{8BC9CEB8-8B4A-11D0-8D11-00A0C91BC942}") = "libfwnt", "libfwnt\libfwnt.vcproj", "{9D37639F-1694-47DF-84BF-336D98E0639F}"
	ProjectSection(ProjectDependencies) = postProject
		{BD3A95FA-A3DE-4B79-A889-A7E5ECA4B69C} = {BD3A95FA-A3DE-4B79-A889-A7E5ECA4B69C}
		{8AFAA2C6-E025-4B45-B96F-A27D04C6115A} = {8AFAA2C6-E025-4B45-B96F-A27D04C6115A}
		{B9332DC8-7594-47DF-80C1-38922E0F4DFB} = {B9332DC8-7594-47DF-80C1-38922E0F4DFB}
		{5304AD69-D449-4589-B2C9-E4607E56A51D} = {5304AD69-D449-4589-B2C9-E4607E56A51D}
	EndProjectSection
EndProject
Project("{8BC9CEB8-8B4A-11D0-8D11-00A0C91BC942}") = "libcthreads", "libcthreads\libcthreads.vcproj", "{8AFAA2C6-E025-4B45-B96F-A27D04C6115A}"
	ProjectSection(ProjectDependencies) = postProject
		{BD3A95FA-A3DE-4B79-A889-A7E5ECA4B69C} = {BD3A95FA-A3DE-4B79-A889-A7E5ECA4B69C}
	EndProjectSection
EndProject
Project("{8BC9CEB8-8B4A-11D0-8D11-00A0C91BC942}") = "pyesedb", "pyesedb\pyesedb.vcproj", "{E221DB4C-B254-47CB-993D-DC7FED580DA1}"
	ProjectSection(ProjectDependencies) = postProject
		{BD3A95FA-A3DE-4B79-A889-A7E5ECA4B69C} = {BD3A95FA-A3DE-4B79-A889-A7E5ECA4B69C}
		{A426611F-36ED-4F34-8CEC-12270B8954D9} = {A426611F-36ED-4F34-8CEC-12270B8954D9}
		{B9332DC8-7594-47DF-80C1-38922E0F4DFB} = {B9332DC8-7594-47DF-80C1-38922E0F4DFB}
		{CEDF8919-00B2-4D8A-88CC-84ADB2D2FF89} = {CEDF8919-00B2-4D8A-88CC-84ADB2D2FF89}
		{B86FB73A-4ACC-42DE-9545-586D93955B06} = {B86FB73A-4ACC-42DE-9545-586D93955B06}
		{BC27FF34-C859-4A1A-95D6-FC89952E1910} = {BC27FF34-C859-4A1A-95D6-FC89952E1910}
		{4C93BDD3-1804-47F3-9B34-F2DE0CAE1AE0} = {4C93BDD3-1804-47F3-9B34-F2DE0CAE1AE0}
		{3FFB9C05-1145-45A7-9ADE-5C8D70FBD7CA} = {3FFB9C05-1145-45A7-9ADE-5C8D70FBD7CA}
		{41CFAFBF-A1C8-4704-AFEF-31979E6452B9} = {41CFAFBF-A1C8-4704-AFEF-31979E6452B9}
	EndProjectSection
EndProject
Project("{8BC9CEB8-8B4A-11D0-8D11-00A0C91BC942}") = "libcpath", "libcpath\libcpath.vcproj", "{3FFB9C05-1145-45A7-9ADE-5C8D70FBD7CA}"
	ProjectSection(ProjectDependencies) = postProject
		{BD3A95FA-A3DE-4B79-A889-A7E5ECA4B69C} = {BD3A95FA-A3DE-4B79-A889-A7E5ECA4B69C}
		{CEDF8919-00B2-4D8A-88CC-84ADB2D2FF89} = {CEDF8919-00B2-4D8A-88CC-84ADB2D2FF89}
		{B86FB73A-4ACC-42DE-9545-586D93955B06} = {B86FB73A-4ACC-42DE-9545-586D93955B06}
		{BC27FF34-C859-4A1A-95D6-FC89952E1910} = {BC27FF34-C859-4A1A-95D6-FC89952E1910}
	EndProjectSection
EndProject
Project("{8BC9CEB8-8B4A-11D0-8D11-00A0C91BC942}") = "libfmapi", "libfmapi\libfmapi.vcproj", "{CDB03E65-C81B-47E0-B70F-C880D841DD61}"
	ProjectSection(ProjectDependencies) = postProject
		{BD3A95FA-A3DE-4B79-A889-A7E5ECA4B69C} = {BD3A95FA-A3DE-4B79-A889-A7E5ECA4B69C}
		{B9332DC8-7594-47DF-80C1-38922E0F4DFB} = {B9332DC8-7594-47DF-80C1-38922E0F4DFB}
		{8AFAA2C6-E025-4B45-B96F-A27D04C6115A} = {8AFAA2C6-E025-4B45-B96F-A27D04C6115A}
		{5304AD69-D449-4589-B2C9-E4607E56A51D} = {5304AD69-D449-4589-B2C9-E4607E56A51D}
		{BC27FF34-C859-4A1A-95D6-FC89952E1910} = {BC27FF34-C859-4A1A-95D6-FC89952E1910}
		{25C60507-39C6-4564-912D-DA2E7482A00F} = {25C60507-39C6-4564-912D-DA2E7482A00F}
		{8C13E498-6369-4792-A0CF-B7134C54561B} = {8C13E498-6369-4792-A0CF-B7134C54561B}
		{9D37639F-1694-47DF-84BF-336D98E0639F} = {9D37639F-1694-47DF-84BF-336D98E0639F}
	EndProjectSection
EndProject
Project("{8BC9CEB8-8B4A-11D0-8D11-00A0C91BC942}") = "libuna", "libuna\libuna.vcproj", "{BC27FF34-C859-4A1A-95D6-FC89952E1910}"
	ProjectSection(ProjectDependencies) = postProject
		{BD3A95FA-A3DE-4B79-A889-A7E5ECA4B69C} = {BD3A95FA-A3DE-4B79-A889-A7E5ECA4B69C}
	EndProjectSection
EndProject
Project("{8BC9CEB8-8B4A-11D0-8D11-00A0C91BC942}") = "libfvalue", "libfvalue\libfvalue.vcproj", "{85005D62-6AA7-4D8A-86CB-4061B23D7C6C}"
	ProjectSection(ProjectDependencies) = postProject
		{BD3A95FA-A3DE-4B79-A889-A7E5ECA4B69C} = {BD3A95FA-A3DE-4B79-A889-A7E5ECA4B69C}
		{8AFAA2C6-E025-4B45-B96F-A27D04C6115A} = {8AFAA2C6-E025-4B45-B96F-A27D04C6115A}
		{B9332DC8-7594-47DF-80C1-38922E0F4DFB} = {B9332DC8-7594-47DF-80C1-38922E0F4DFB}
		{5304AD69-D449-4589-B2C9-E4607E56A51D} = {5304AD69-D449-4589-B2C9-E4607E56A51D}
		{BC27FF34-C859-4A1A-95D6-FC89952E1910} = {BC27FF34-C859-4A1A-95D6-FC89952E1910}
		{25C60507-39C6-4564-912D-DA2E7482A00F} = {25C60507-39C6-4564-912D-DA2E7482A00F}
		{8C13E498-6369-4792-A0CF-B7134C54561B} = {8C13E498-6369-4792-A0CF-B7134C54561B}
		{9D37639F-1694-47DF-84BF-336D98E0639F} = {9D37639F-1694-47DF-84BF-336D98E0639F}
	EndProjectSection
EndProject
Project("{8BC9CEB8-8B4A-11D0-8D11-00A0C91BC942}") = "libcerror", "libcerror\libcerror.vcproj", "{BD3A95FA-A3DE-4B79-A889-A7E5ECA4B69C}"
EndProject
Project("{8BC9CEB8-8B4A-11D0-8D11-00A0C91BC942}") = "libcnotify", "libcnotify\libcnotify.vcproj", "{5304AD69-D449-4589-B2C9-E4607E56A51D}"
	ProjectSection(ProjectDependencies) = postProject
		{BD3A95FA-A3DE-4B79-A889-A7E5ECA4B69C} = {BD3A95FA-A3DE-4B79-A889-A7E5ECA4B69C}
	EndProjectSection
EndProject
Project("{8BC9CEB8-8B4A-11D0-8D11-00A0C91BC942}") = "libfdata", "libfdata\libfdata.vcproj", "{F94DCC2D-2B49-453E-89B3-FD81992677D0}"
	ProjectSection(ProjectDependencies) = postProject
		{BD3A95FA-A3DE-4B79-A889-A7E5ECA4B69C} = {BD3A95FA-A3DE-4B79-A889-A7E5ECA4B69C}
		{8AFAA2C6-E025-4B45-B96F-A27D04C6115A} = {8AFAA2C6-E025-4B45-B96F-A27D04C6115A}
		{B9332DC8-7594-47DF-80C1-38922E0F4DFB} = {B9332DC8-7594-47DF-80C1-38922E0F4DFB}
		{5304AD69-D449-4589-B2C9-E4607E56A51D} = {5304AD69-D449-4589-B2C9-E4607E56A51D}
		{3D19EAAD-9195-468B-BC5B-D147A89CA4F5} = {3D19EAAD-9195-468B-BC5B-D147A89CA4F5}
	EndProjectSection
EndProject
Project("{8BC9CEB8-8B4A-11D0-8D11-00A0C91BC942}") = "libcdata", "libcdata\libcdata.vcproj", "{B9332DC8-7594-47DF-80C1-38922E0F4DFB}"
	ProjectSection(ProjectDependencies) = postProject
		{BD3A95FA-A3DE-4B79-A889-A7E5ECA4B69C} = {BD3A95FA-A3DE-4B79-A889-A7E5ECA4B69C}
		{8AFAA2C6-E025-4B45-B96F-A27D04C6115A} = {8AFAA2C6-E025-4B45-B96F-A27D04C6115A}
	EndProjectSection
EndProject
Project("{8BC9CEB8-8B4A-11D0-8D11-00A0C91BC942}") = "libcsplit", "libcsplit\libcsplit.vcproj", "{B86FB73A-4ACC-42DE-9545-586D93955B06}"
	ProjectSection(ProjectDependencies) = postProject
		{BD3A95FA-A3DE-4B79-A889-A7E5ECA4B69C} = {BD3A95FA-A3DE-4B79-A889-A7E5ECA4B69C}
	EndProjectSection
EndProject
Global
	GlobalSection(SolutionConfigurationPlatforms) = preSolution
		Release|Win32 = Release|Win32
		VSDebug|Win32 = VSDebug|Win32
	EndGlobalSection
	GlobalSection(ProjectConfigurationPlatforms) = postSolution
		{3D19EAAD-9195-468B-BC5B-D147A89CA4F5}.Release|Win32.ActiveCfg = Release|Win32
		{3D19EAAD-9195-468B-BC5B-D147A89CA4F5}.Release|Win32.Build.0 = Release|Win32
		{3D19EAAD-9195-468B-BC5B-D147A89CA4F5}.VSDebug|Win32.ActiveCfg = VSDebug|Win32
		{3D19EAAD-9195-468B-BC5B-D147A89CA4F5}.VSDebug|Win32.Build.0 = VSDebug|Win32
		{8C13E498-6369-4792-A0CF-B7134C54561B}.Release|Win32.ActiveCfg = Release|Win32
		{8C13E498-6369-4792-A0CF-B7134C54561B}.Release|Win32.Build.0 = Release|Win32
		{8C13E498-6369-4792-A0CF-B7134C54561B}.VSDebug|Win32.ActiveCfg = VSDebug|Win32
		{8C13E498-6369-4792-A0CF-B7134C54561B}.VSDebug|Win32.Build.0 = VSDebug|Win32
		{B6150876-2814-43CE-9ACD-29E734554366}.Release|Win32.ActiveCfg = Release|Win32
		{B6150876-2814-43CE-9ACD-29E734554366}.Release|Win32.Build.0 = Release|Win32
		{B6150876-2814-43CE-9ACD-29E734554366}.VSDebug|Win32.ActiveCfg = VSDebug|Win32
		{B6150876-2814-43CE-9ACD-29E734554366}.VSDebug|Win32.Build.0 = VSDebug|Win32
		{23364642-06BB-49D4-A960-847B08ADE6B6}.Release|Win32.ActiveCfg = Release|Win32
		{23364642-06BB-49D4-A960-847B08ADE6B6}.Release|Win32.Build.0 = Release|Win32
		{23364642-06BB-49D4-A960-847B08ADE6B6}.VSDebug|Win32.ActiveCfg = VSDebug|Win32
		{23364642-06BB-49D4-A960-847B08ADE6B6}.VSDebug|Win32.Build.0 = VSDebug|Win32
		{26334884-8C58-4F72-8ED5-763A5B37DC90}.Release|Win32.ActiveCfg = Release|Win32
		{26334884-8C58-4F72-8ED5-763A5B37DC90}.Release|Win32.Build.0 = Release|Win32
		{26334884-8C58-4F72-8ED5-763A5B37DC90}.VSDebug|Win32.ActiveCfg = VSDebug|Win32
		{26334884-8C58-4F72-8ED5-763A5B37DC90}.VSDebug|Win32.Build.0 = VSDebug|Win32
		{4065F2DD-616C-4C2A-BCA5-7CF87383DB12}.Release|Win32.ActiveCfg = Release|Win32
		{4065F2DD-616C-4C2A-BCA5-7CF87383DB12}.Release|Win32.Build.0 = Release|Win32
		{4065F2DD-616C-4C2A-BCA5-7CF87383DB12}.VSDebug|Win32.ActiveCfg = VSDebug|Win32
		{4065F2DD-616C-4C2A-BCA5-7CF87383DB12}.VSDebug|Win32.Build.0 = VSDebug|Win32
		{ACD71378-4A58-4141-9A66-A05C9101885B}.Release|Win32.ActiveCfg = Release|Win32
		{ACD71378-4A58-4141-9A66-A05C9101885B}.Release|Win32.Build.0 = Release|Win32
		{ACD71378-4A58-4141-9A66-A05C9101885B}.VSDebug|Win32.ActiveCfg = VSDebug|Win32
		{ACD71378-4A58-4141-9A66-A05C9101885B}.VSDebug|Win32.Build.0 = VSDebug|Win32
		{BFF5364C-33F1-494D-A485-3533564D172D}.Release|Win32.ActiveCfg = Release|Win32
		{BFF5364C-33F1-494D-A485-3533564D172D}.Release|Win32.Build.0 = Release|Win32
		{BFF5364C-33F1-494D-A485-3533564D172D}.VSDebug|Win32.ActiveCfg = VSDebug|Win32
		{BFF5364C-33F1-494D-A485-3533564D172D}.VSDebug|Win32.Build.0 = VSDebug|Win32
		{AFFAB164-A537-4271-A3B2-816A3253AC35}.Release|Win32.ActiveCfg = Release|Win32
		{AFFAB164-A537-4271-A3B2-816A3253AC35}.Release|Win32.Build.0 = Release|Win32
		{AFFAB164-A537-4271-A3B2-816A3253AC35}.VSDebug|Win32.ActiveCfg = VSDebug|Win32
		{AFFAB164-A537-4271-A3B2-816A3253AC35}.VSDebug|Win32.Build.0 = VSDebug|Win32
		{E7AC2AB8-2946-40F9-B0B2-02CE8C96C728}.Release|Win32.ActiveCfg = Release|Win32
		{E7AC2AB8-2946-40F9-B0B2-02CE8C96C728}.Release|Win32.Build.0 = Release|Win32
		{E7AC2AB8-2946-40F9-B0B2-02CE8C96C728}.VSDebug|Win32.ActiveCfg = VSDebug|Win32
		{E7AC2AB8-2946-40F9-B0B2-02CE8C96C728}.VSDebug|Win32.Build.0 = VSDebug|Win32
		{176CDE95-D465-44F2-948C-67C2088B5807}.Release|Win32.ActiveCfg = Release|Win32
		{176CDE95-D465-44F2-948C-67C2088B5807}.Release|Win32.Build.0 = Release|Win32
		{176CDE95-D465-44F2-948C-67C2088B5807}.VSDebug|Win32.ActiveCfg = VSDebug|Win32
		{176CDE95-D465-44F2-948C-67C2088B5807}.VSDebug|Win32.Build.0 = VSDebug|Win32
		{9419D031-C7C3-4DC1-BC5B-ECFC832B80E9}.Release|Win32.ActiveCfg = Release|Win32
		{9419D031-C7C3-4DC1-BC5B-ECFC832B80E9}.Release|Win32.Build.0 = Release|Win32
		{9419D031-C7C3-4DC1-BC5B-ECFC832B80E9}.VSDebug|Win32.ActiveCfg = VSDebug|Win32
		{9419D031-C7C3-4DC1-BC5B-ECFC832B80E9}.VSDebug|Win32.Build.0 = VSDebug|Win32
		{A9811C8C-E212-4354-A2AB-0D1F5C632987}.Release|Win32.ActiveCfg = Release|Win32
		{A9811C8C-E212-4354-A2AB-0D1F5C632987}.Release|Win32.Build.0 = Release|Win32
		{A9811C8C-E212-4354-A2AB-0D1F5C632987}.VSDebug|Win32.ActiveCfg = VSDebug|Win32
		{A9811C8C-E212-4354-A2AB-0D1F5C632987}.VSDebug|Win32.Build.0 = VSDebug|Win32
		{6ADF7681-DFAA-4CFF-9797-305E269B936D}.Release|Win32.ActiveCfg = Release|Win32
		{6ADF7681-DFAA-4CFF-9797-305E269B936D}.Release|Win32.Build.0 = Release|Win32
		{6ADF7681-DFAA-4CFF-9797-305E269B936D}.VSDebug|Win32.ActiveCfg = VSDebug|Win32
		{6ADF7681-DFAA-4CFF-9797-305E269B936D}.VSDebug|Win32.Build.0 = VSDebug|Win32
		{7858071B-74A6-46C8-8A4C-DF4E1916A644}.Release|Win32.ActiveCfg = Release|Win32
		{7858071B-74A6-46C8-8A4C-DF4E1916A644}.Release|Win32.Build.0 = Release|Win32
		{7858071B-74A6-46C8-8A4C-DF4E1916A644}.VSDebug|Win32.ActiveCfg = VSDebug|Win32
		{7858071B-74A6-46C8-8A4C-DF4E1916A644}.VSDebug|Win32.Build.0 = VSDebug|Win32
		{53632831-C7D9-4B47-8EAC-16B716277ABB}.Release|Win32.ActiveCfg = Release|Win32
		{53632831-C7D9-4B47-8EAC-16B716277ABB}.Release|Win32.Build.0 = Release|Win32
		{53632831-C7D9-4B47-8EAC-16B716277ABB}.VSDebug|Win32.ActiveCfg = VSDebug|Win32
		{53632831-C7D9-4B47-8EAC-16B716277ABB}.VSDebug|Win32.Build.0 = VSDebug|Win32
		{62443B2B-C021-4D11-8A21-07C6C2BA5B72}.Release|Win32.ActiveCfg = Release|Win32
		{62443B2B-C021-4D11-8A21-07C6C2BA5B72}.Release|Win32.Build.0 = Release|Win32
		{62443B2B-C021-4D11-8A21-07C6C2BA5B72}.VSDebug|Win32.ActiveCfg = VSDebug|Win32
		{62443B2B-C021-4D11-8A21-07C6C2BA5B72}.VSDebug|Win32.Build.0 = VSDebug|Win32
		{A48BD72B-3F94-42DD-9382-502ED60AB150}.Release|Win32.ActiveCfg = Release|Win32
		{A48BD72B-3F94-42DD-9382-502ED60AB150}.Release|Win32.Build.0 = Release|Win32
		{A48BD72B-3F94-42DD-9382-502ED60AB150}.VSDebug|Win32.ActiveCfg = VSDebug|Win32
		{A48BD72B-3F94-42DD-9382-502ED60AB150}.VSDebug|Win32.Build.0 = VSDebug|Win32
		{4514F4B8-9225-4C90-91ED-D65BB183BDEC}.Release|Win32.ActiveCfg = Release|Win32
		{4514F4B8-9225-4C90-91ED-D65BB183BDEC}.Release|Win32.Build.0 = Release|Win32
		{4514F4B8-9225-4C90-91ED-D65BB183BDEC}.VSDebug|Win32.ActiveCfg = VSDebug|Win32
		{4514F4B8-9225-4C90-91ED-D65BB183BDEC}.VSDebug|Win32.Build.0 = VSDebug|Win32
		{DE9B39FD-66E5-4157-8917-E6E40CC80D41}.Release|Win32.ActiveCfg = Release|Win32
		{DE9B39FD-66E5-4157-8917-E6E40CC80D41}.Release|Win32.Build.0 = Release|Win32
		{DE9B39FD-66E5-4157-8917-E6E40CC80D41}.VSDebug|Win32.ActiveCfg = VSDebug|Win32
		{DE9B39FD-66E5-4157-8917-E6E40CC80D41}.VSDebug|Win32.Build.0 = VSDebug|Win32
		{609F3B7C-7754-487E-87E7-D19276604C3B}.Release|Win32.ActiveCfg = Release|Win32
		{609F3B7C-7754-487E-87E7-D19276604C3B}.Release|Win32.Build.0 = Release|Win32
		{609F3B7C-7754-487E-87E7-D19276604C3B}.VSDebug|Win32.ActiveCfg = VSDebug|Win32
		{609F3B7C-7754-487E-87E7-D19276604C3B}.VSDebug|Win32.Build.0 = VSDebug|Win32
		{B6D2D5C7-4896-4FDE-931E-AE33556252CB}.Release|Win32.ActiveCfg = Release|Win32
		{B6D2D5C7-4896-4FDE-931E-AE33556252CB}.Release|Win32.Build.0 = Release|Win32
		{B6D2D5C7-4896-4FDE-931E-AE33556252CB}.VSDebug|Win32.ActiveCfg = VSDebug|Win32
		{B6D2D5C7-4896-4FDE-931E-AE33556252CB}.VSDebug|Win32.Build.0 = VSDebug|Win32
		{677D81DB-C708-4BB4-87C3-8EC3A85C1260}.Release|Win32.ActiveCfg = Release|Win32
		{677D81DB-C708-4BB4-87C3-8EC3A85C1260}.Release|Win32.Build.0 = Release|Win32
		{677D81DB-C708-4BB4-87C3-8EC3A85C1260}.VSDebug|Win32.ActiveCfg = VSDebug|Win32
		{677D81DB-C708-4BB4-87C3-8EC3A85C1260}.VSDebug|Win32.Build.0 = VSDebug|Win32
		{8161CE83-108A-4863-9B51-8F1DF5B5276B}.Release|Win32.ActiveCfg = Release|Win32
		{8161CE83-108A-4863-9B51-8F1DF5B5276B}.Release|Win32.Build.0 = Release|Win32
		{8161CE83-108A-4863-9B51-8F1DF5B5276B}.VSDebug|Win32.ActiveCfg = VSDebug|Win32
		{8161CE83-108A-4863-9B51-8F1DF5B5276B}.VSDebug|Win32.Build.0 = VSDebug|Win32
		{415361F6-4A0B-49CF-B744-29F8A0998809}.Release|Win32.ActiveCfg = Release|Win32
		{415361F6-4A0B-49CF-B744-29F8A0998809}.Release|Win32.Build.0 = Release|Win32
		{415361F6-4A0B-49CF-B744-29F8A0998809}.VSDebug|Win32.ActiveCfg = VSDebug|Win32
		{415361F6-4A0B-49CF-B744-29F8A0998809}.VSDebug|Win32.Build.0 = VSDebug|Win32
		{41748683-3F34-4770-98C5-F80103B0067A}.Release|Win32.ActiveCfg = Release|Win32
		{41748683-3F34-4770-98C5-F80103B0067A}.Release|Win32.Build.0 = Release|Win32
		{41748683-3F34-4770-98C5-F80103B0067A}.VSDebug|Win32.ActiveCfg = VSDebug|Win32
		{41748683-3F34-4770-98C5-F80103B0067A}.VSDebug|Win32.Build.0 = VSDebug|Win32
		{C10A5D46-F063-48EE-BC09-A3E3358A0494}.Release|Win32.ActiveCfg = Release|Win32
		{C10A5D46-F063-48EE-BC09-A3E3358A0494}.Release|Win32.Build.0 = Release|Win32
		{C10A5D46-F063-48EE-BC09-A3E3358A0494}.VSDebug|Win32.ActiveCfg = VSDebug|Win32
		{C10A5D46-F063-48EE-BC09-A3E3358A0494}.VSDebug|Win32.Build.0 = VSDebug|Win32
		{65DB3CAA-EB74-4DF8-8933-43B9749EA04A}.Release|Win32.ActiveCfg = Release|Win32
		{65DB3CAA-EB74-4DF8-8933-43B9749EA04A}.Release|Win32.Build.0 = Release|Win32
		{65DB3CAA-EB74-4DF8-8933-43B9749EA04A}.VSDebug|Win32.ActiveCfg = VSDebug|Win32
		{65DB3CAA-EB74-4DF8-8933-43B9749EA04A}.VSDebug|Win32.Build.0 = VSDebug|Win32
		{67A27024-4941-4F10-BB98-F0E43625FE9B}.Release|Win32.ActiveCfg = Release|Win32
		{67A27024-4941-4F10-BB98-F0E43625FE9B}.Release|Win32.Build.0 = Release|Win32
		{67A27024-4941-4F10-BB98-F0E43625FE9B}.VSDebug|Win32.ActiveCfg = VSDebug|Win32
		{67A27024-4941-4F10-BB98-F0E43625FE9B}.VSDebug|Win32.Build.0 = VSDebug|Win32
		{CF349A24-505E-4CE5-A4FC-90AEDC3C7E70}.Release|Win32.ActiveCfg = Release|Win32
		{CF349A24-505E-4CE5-A4FC-90AEDC3C7E70}.Release|Win32.Build.0 = Release|Win32
		{CF349A24-505E-4CE5-A4FC-90AEDC3C7E70}.VSDebug|Win32.ActiveCfg = VSDebug|Win32
		{CF349A24-505E-4CE5-A4FC-90AEDC3C7E70}.VSDebug|Win32.Build.0 = VSDebug|Win32
		{EEFAD65F-7A5A-43CD-87D0-9E7D678958DB}.Release|Win32.ActiveCfg = Release|Win32
		{EEFAD65F-7A5A-43CD-87D0-9E7D678958DB}.Release|Win32.Build.0 = Release|Win32
		{EEFAD65F-7A5A-43CD-87D0-9E7D678958DB}.VSDebug|Win32.ActiveCfg = VSDebug|Win32
		{EEFAD65F-7A5A-43CD-87D0-9E7D678958DB}.VSDebug|Win32.Build.0 = VSDebug|Win32
		{0301EB16-A952-46F6-8D64-CD318B49D8C2}.Release|Win32.ActiveCfg = Release|Win32
		{0301EB16-A952-46F6-8D64-CD318B49D8C2}.Release|Win32.Build.0 = Release|Win32
		{0301EB16-A952-46F6-8D64-CD318B49D8C2}.VSDebug|Win32.ActiveCfg = VSDebug|Win32
		{0301EB16-A952-46F6-8D64-CD318B49D8C2}.VSDebug|Win32.Build.0 = VSDebug|Win32
		{75750FF8-0CE1-4A6E-B6EE-D99B5343F432}.Release|Win32.ActiveCfg = Release|Win32
		{75750FF8-0CE1-4A6E-B6EE-D99B5343F432}.Release|Win32.Build.0 = Release|Win32
		{75750FF8-0CE1-4A6E-B6EE-D99B5343F432}.VSDebug|Win32.ActiveCfg = VSDebug|Win32
		{75750FF8-0CE1-4A6E-B6EE-D99B5343F432}.VSDebug|Win32.Build.0 = VSDebug|Win32
		{22390A91-D782-4F25-B2BC-7C2EEF5EA6B0}.Release|Win32.ActiveCfg = Release|Win32
		{22390A91-D782-4F25-B2BC-7C2EEF5EA6B0}.Release|Win32.Build.0 = Release|Win32
		{22390A91-D782-4F25-B2BC-7C2EEF5EA6B0}.VSDebug|Win32.ActiveCfg = VSDebug|Win32
		{22390A91-D782-4F25-B2BC-7C2EEF5EA6B0}.VSDebug|Win32.Build.0 = VSDebug|Win32
		{F4A505D3-9B12-4D25-850D-A46215904042}.Release|Win32.ActiveCfg = Release|Win32
		{F4A505D3-9B12-4D25-850D-A46215904042}.Release|Win32.Build.0 = Release|Win32
		{F4A505D3-9B12-4D25-850D-A46215904042}.VSDebug|Win32.ActiveCfg = VSDebug|Win32
		{F4A505D3-9B12-4D25-850D-A46215904042}.VSDebug|Win32.Build.0 = VSDebug|Win32
		{66C2ADB0-19C4-4626-ABF4-F98643F56737}.Release|Win32.ActiveCfg = Release|Win32
		{66C2ADB0-19C4-4626-ABF4-F98643F56737}.Release|Win32.Build.0 = Release|Win32
		{66C2ADB0-19C4-4626-ABF4-F98643F56737}.VSDebug|Win32.ActiveCfg = VSDebug|Win32
		{66C2ADB0-19C4-4626-ABF4-F98643F56737}.VSDebug|Win32.Build.0 = VSDebug|Win32
		{35ABBCF1-BE33-4FC0-B634-5B89DF08AB87}.Release|Win32.ActiveCfg = Release|Win32
		{35ABBCF1-BE33-4FC0-B634-5B89DF08AB87}.Release|Win32.Build.0 = Release|Win32
		{35ABBCF1-BE33-4FC0-B634-5B89DF08AB87}.VSDebug|Win32.ActiveCfg = VSDebug|Win32
		{35ABBCF1-BE33-4FC0-B634-5B89DF08AB87}.VSDebug|Win32.Build.0 = VSDebug|Win32
		{9D57CE4C-A2B0-46A3-8B58-963470100928}.Release|Win32.ActiveCfg = Release|Win32
		{9D57CE4C-A2B0-46A3-8B58-963470100928}.Release|Win32.Build.0 = Release|Win32
		{9D57CE4C-A2B0-46A3-8B58-963470100928}.VSDebug|Win32.ActiveCfg = VSDebug|Win32
		{9D57CE4C-A2B0-46A3-8B58-963470100928}.VSDebug|Win32.Build.0 = VSDebug|Win32
		{130986AD-E94F-4A0E-9A62-1704C6337B20}.Release|Win32.ActiveCfg = Release|Win32
		{130986AD-E94F-4A0E-9A62-1704C6337B20}.Release|Win32.Build.0 = Release|Win32
		{130986AD-E94F-4A0E-9A62-1704C6337B20}.VSDebug|Win32.ActiveCfg = VSDebug|Win32
		{130986AD-E94F-4A0E-9A62-1704C6337B20}.VSDebug|Win32.Build.0 = VSDebug|Win32
		{7DB537E6-E1AA-4C76-B6FE-9983693D33A1}.Release|Win32.ActiveCfg = Release|Win32
		{7DB537E6-E1AA-4C76-B6FE-9983693D33A1}.Release|Win32.Build.0 = Release|Win32
		{7DB537E6-E1AA-4C76-B6FE-9983693D33A1}.VSDebug|Win32.ActiveCfg = VSDebug|Win32
		{7DB537E6-E1AA-4C76-B6FE-9983693D33A1}.VSDebug|Win32.Build.0 = VSDebug|Win32
		{68F145F0-053E-47A6-8F8C-740A42F2C62B}.Release|Win32.ActiveCfg = Release|Win32
		{68F145F0-053E-47A6-8F8C-740A42F2C62B}.Release|Win32.Build.0 = Release|Win32
		{68F145F0-053E-47A6-8F8C-740A42F2C62B}.VSDebug|Win32.ActiveCfg = VSDebug|Win32
		{68F145F0-053E-47A6-8F8C-740A42F2C62B}.VSDebug|Win32.Build.0 = VSDebug|Win32
		{CEDF8919-00B2-4D8A-88CC-84ADB2D2FF89}.Release|Win32.ActiveCfg = Release|Win32
		{CEDF8919-00B2-4D8A-88CC-84ADB2D2FF89}.Release|Win32.Build.0 = Release|Win32
		{CEDF8919-00B2-4D8A-88CC-84ADB2D2FF89}.VSDebug|Win32.ActiveCfg = VSDebug|Win32
		{CEDF8919-00B2-4D8A-88CC-84ADB2D2FF89}.VSDebug|Win32.Build.0 = VSDebug|Win32
		{6B758D1D-FE05-49C6-836B-9B8AC8DC4FCD}.Release|Win32.ActiveCfg = Release|Win32
		{6B758D1D-FE05-49C6-836B-9B8AC8DC4FCD}.Release|Win32.Build.0 = Release|Win32
		{6B758D1D-FE05-49C6-836B-9B8AC8DC4FCD}.VSDebug|Win32.ActiveCfg = VSDebug|Win32
		{6B758D1D-FE05-49C6-836B-9B8AC8DC4FCD}.VSDebug|Win32.Build.0 = VSDebug|Win32
		{A7545354-5D50-49F6-A3D0-1F97F6228955}.Release|Win32.ActiveCfg = Release|Win32
		{A7545354-5D50-49F6-A3D0-1F97F6228955}.Release|Win32.Build.0 = Release|Win32
		{A7545354-5D50-49F6-A3D0-1F97F6228955}.VSDebug|Win32.ActiveCfg = VSDebug|Win32
		{A7545354-5D50-49F6-A3D0-1F97F6228955}.VSDebug|Win32.Build.0 = VSDebug|Win32
		{A426611F-36ED-4F34-8CEC-12270B8954D9}.Release|Win32.ActiveCfg = Release|Win32
		{A426611F-36ED-4F34-8CEC-12270B8954D9}.Release|Win32.Build.0 = Release|Win32
		{A426611F-36ED-4F34-8CEC-12270B8954D9}.VSDebug|Win32.ActiveCfg = VSDebug|Win32
		{A426611F-36ED-4F34-8CEC-12270B8954D9}.VSDebug|Win32.Build.0 = VSDebug|Win32
		{41CFAFBF-A1C8-4704-AFEF-31979E6452B9}.Release|Win32.ActiveCfg = Release|Win32
		{41CFAFBF-A1C8-4704-AFEF-31979E6452B9}.Release|Win32.Build.0 = Release|Win32
		{41CFAFBF-A1C8-4704-AFEF-31979E6452B9}.VSDebug|Win32.ActiveCfg = VSDebug|Win32
		{41CFAFBF-A1C8-4704-AFEF-31979E6452B9}.VSDebug|Win32.Build.0 = VSDebug|Win32
		{25C60507-39C6-4564-912D-DA2E7482A00F}.Release|Win32.ActiveCfg = Release|Win32
		{25C60507-39C6-4564-912D-DA2E7482A00F}.Release|Win32.Build.0 = Release|Win32
		{25C60507-39C6-4564-912D-DA2E7482A00F}.VSDebug|Win32.ActiveCfg = VSDebug|Win32
		{25C60507-39C6-4564-912D-DA2E7482A00F}.VSDebug|Win32.Build.0 = VSDebug|Win32
		{4C93BDD3-1804-47F3-9B34-F2DE0CAE1AE0}.Release|Win32.ActiveCfg = Release|Win32
		{4C93BDD3-1804-47F3-9B34-F2DE0CAE1AE0}.Release|Win32.Build.0 = Release|Win32
		{4C93BDD3-1804-47F3-9B34-F2DE0CAE1AE0}.VSDebug|Win32.ActiveCfg = VSDebug|Win32
		{4C93BDD3-1804-47F3-9B34-F2DE0CAE1AE0}.VSDebug|Win32.Build.0 = VSDebug|Win32
		{9D37639F-1694-47DF-84BF-336D98E0639F}.Release|Win32.ActiveCfg = Release|Win32
		{9D37639F-1694-47DF-84BF-336D98E0639F}.Release|Win32.Build.0 = Release|Win32
		{9D37639F-1694-47DF-84BF-336D98E0639F}.VSDebug|Win32.ActiveCfg = VSDebug|Win32
		{9D37639F-1694-47DF-84BF-336D98E0639F}.VSDebug|Win32.Build.0 = VSDebug|Win32
		{8AFAA2C6-E025-4B45-B96F-A27D04C6115A}.Release|Win32.ActiveCfg = Release|Win32
		{8AFAA2C6-E025-4B45-B96F-A27D04C6115A}.Release|Win32.Build.0 = Release|Win32
		{8AFAA2C6-E025-4B45-B96F-A27D04C6115A}.VSDebug|Win32.ActiveCfg = VSDebug|Win32
		{8AFAA2C6-E025-4B45-B96F-A27D04C6115A}.VSDebug|Win32.Build.0 = VSDebug|Win32
		{E221DB4C-B254-47CB-993D-DC7FED580DA1}.Release|Win32.ActiveCfg = Release|Win32
		{E221DB4C-B254-47CB-993D-DC7FED580DA1}.Release|Win32.Build.0 = Release|Win32
		{E221DB4C-B254-47CB-993D-DC7FED580DA1}.VSDebug|Win32.ActiveCfg = VSDebug|Win32
		{E221DB4C-B254-47CB-993D-DC7FED580DA1}.VSDebug|Win32.Build.0 = VSDebug|Win32
		{3FFB9C05-1145-45A7-9ADE-5C8D70FBD7CA}.Release|Win32.ActiveCfg = Release|Win32
		{3FFB9C05-1145-45A7-9ADE-5C8D70FBD7CA}.Release|Win32.Build.0 = Release|Win32
		{3FFB9C05-1145-45A7-9ADE-5C8D70FBD7CA}.VSDebug|Win32.ActiveCfg = VSDebug|Win32
		{3FFB9C05-1145-45A7-9ADE-5C8D70FBD7CA}.VSDebug|Win32.Build.0 = VSDebug|Win32
		{CDB03E65-C81B-47E0-B70F-C880D841DD61}.Release|Win32.ActiveCfg = Release|Win32
		{CDB03E65-C81B-47E0-B70F-C880D841DD61}.Release|Win32.Build.0 = Release|Win32
		{CDB03E65-C81B-47E0-B70F-C880D841DD61}.VSDebug|Win32.ActiveCfg = VSDebug|Win32
		{CDB03E65-C81B-47E0-B70F-C880D841DD61}.VSDebug|Win32.Build.0 = VSDebug|Win32
		{BC27FF34-C859-4A1A-95D6-FC89952E1910}.Release|Win32.ActiveCfg = Release|Win32
		{BC27FF34-C859-4A1A-95D6-FC89952E1910}.Release|Win32.Build.0 = Release|Win32
		{BC27FF34-C859-4A1A-95D6-FC89952E1910}.VSDebug|Win32.ActiveCfg = VSDebug|Win32
		{BC27FF34-C859-4A1A-95D6-FC89952E1910}.VSDebug|Win32.Build.0 = VSDebug|Win32
		{85005D62-6AA7-4D8A-86CB-4061B23D7C6C}.Release|Win32.ActiveCfg = Release|Win32
		{85005D62-6AA7-4D8A-86CB-4061B23D7C6C}.Release|Win32.Build.0 = Release|Win32
		{85005D62-6AA7-4D8A-86CB-4061B23D7C6C}.VSDebug|Win32.ActiveCfg = VSDebug|Win32
		{85005D62-6AA7-4D8A-86CB-4061B23D7C6C}.VSDebug|Win32.Build.0 = VSDebug|Win32
		{BD3A95FA-A3DE-4B79-A889-A7E5ECA4B69C}.Release|Win32.ActiveCfg = Release|Win32
		{BD3A95FA-A3DE-4B79-A889-A7E5ECA4B69C}.Release|Win32.Build.0 = Release|Win32
		{BD3A95FA-A3DE-4B79-A889-A7E5ECA4B69C}.VSDebug|Win32.ActiveCfg = VSDebug|Win32
		{BD3A95FA-A3DE-4B79-A889-A7E5ECA4B69C}.VSDebug|Win32.Build.0 = VSDebug|Win32
		{5304AD69-D449-4589-B2C9-E4607E56A51D}.Release|Win32.ActiveCfg = Release|Win32
		{5304AD69-D449-4589-B2C9-E4607E56A51D}.Release|Win32.Build.0 = Release|Win32
		{5304AD69-D449-4589-B2C9-E4607E56A51D}.VSDebug|Win32.ActiveCfg = VSDebug|Win32
		{5304AD69-D449-4589-B2C9-E4607E56A51D}.VSDebug|Win32.Build.0 = VSDebug|Win32
		{F94DCC2D-2B49-453E-89B3-FD81992677D0}.Release|Win32.ActiveCfg = Release|Win32
		{F94DCC2D-2B49-453E-89B3-FD81992677D0}.Release|Win32.Build.0 = Release|Win32
		{F94DCC2D-2B49-453E-89B3-FD81992677D0}.VSDebug|Win32.ActiveCfg = VSDebug|Win32
		{F94DCC2D-2B49-453E-89B3-FD81992677D0}.VSDebug|Win32.Build.0 = VSDebug|Win32
		{B9332DC8-7594-47DF-80C1-38922E0F4DFB}.Release|Win32.ActiveCfg = Release|Win32
		{B9332DC8-7594-47DF-80C1-38922E0F4DFB}.Release|Win32.Build.0 = Release|Win32
		{B9332DC8-7594-47DF-80C1-38922E0F4DFB}.VSDebug|Win32.ActiveCfg = VSDebug|Win32
		{B9332DC8-7594-47DF-80C1-38922E0F4DFB}.VSDebug|Win32.Build.0 = VSDebug|Win32
		{B86FB73A-4ACC-42DE-9545-586D93955B06}.Release|Win32.ActiveCfg = Release|Win32
		{B86FB73A-4ACC-42DE-9545-586D93955B06}.Release|Win32.Build.0 = Release|Win32
		{B86FB73A-4ACC-42DE-9545-586D93955B06}.VSDebug|Win32.ActiveCfg = VSDebug|Win32
		{B86FB73A-4ACC-42DE-9545-586D93955B06}.VSDebug|Win32.Build.0 = VSDebug|Win32
	EndGlobalSection
	GlobalSection(SolutionProperties) = preSolution
		HideSolutionNode = FALSE
	EndGlobalSection
EndGlobal
